
Microsoft Visual Studio Solution File, Format Version 12.00
# Visual Studio Version 17
VisualStudioVersion = 17.9.34607.119
MinimumVisualStudioVersion = 10.0.40219.1
Project("{FAE04EC0-301F-11D3-BF4B-00C04F79EFBC}") = "C#_15", "C#_15\C#_15.csproj", "{750E7BB1-B8D1-46FB-85DE-CC63FAFE94DF}"
EndProject
Global
	GlobalSection(SolutionConfigurationPlatforms) = preSolution
		Debug|Any CPU = Debug|Any CPU
		Release|Any CPU = Release|Any CPU
	EndGlobalSection
	GlobalSection(ProjectConfigurationPlatforms) = postSolution
		{750E7BB1-B8D1-46FB-85DE-CC63FAFE94DF}.Debug|Any CPU.ActiveCfg = Debug|Any CPU
		{750E7BB1-B8D1-46FB-85DE-CC63FAFE94DF}.Debug|Any CPU.Build.0 = Debug|Any CPU
		{750E7BB1-B8D1-46FB-85DE-CC63FAFE94DF}.Release|Any CPU.ActiveCfg = Release|Any CPU
		{750E7BB1-B8D1-46FB-85DE-CC63FAFE94DF}.Release|Any CPU.Build.0 = Release|Any CPU
	EndGlobalSection
	GlobalSection(SolutionProperties) = preSolution
		HideSolutionNode = FALSE
	EndGlobalSection
	GlobalSection(ExtensibilityGlobals) = postSolution
		SolutionGuid = {FB023AE3-5E01-44C3-816D-D2A29D36D474}
	EndGlobalSection
EndGlobal
